
Microsoft Visual Studio Solution File, Format Version 12.00
# Visual Studio Version 16
VisualStudioVersion = 16.0.30413.136
MinimumVisualStudioVersion = 10.0.40219.1
Project("{FAE04EC0-301F-11D3-BF4B-00C04F79EFBC}") = "QuanLyQuanCafe", "QuanLyQuanCafe\QuanLyQuanCafe.csproj", "{918F6444-A276-42BF-A285-6EBF3E5B6159}"
EndProject
Global
	GlobalSection(SolutionConfigurationPlatforms) = preSolution
		Debug|Any CPU = Debug|Any CPU
		Release|Any CPU = Release|Any CPU
	EndGlobalSection
	GlobalSection(ProjectConfigurationPlatforms) = postSolution
		{918F6444-A276-42BF-A285-6EBF3E5B6159}.Debug|Any CPU.ActiveCfg = Debug|Any CPU
		{918F6444-A276-42BF-A285-6EBF3E5B6159}.Debug|Any CPU.Build.0 = Debug|Any CPU
		{918F6444-A276-42BF-A285-6EBF3E5B6159}.Release|Any CPU.ActiveCfg = Release|Any CPU
		{918F6444-A276-42BF-A285-6EBF3E5B6159}.Release|Any CPU.Build.0 = Release|Any CPU
	EndGlobalSection
	GlobalSection(SolutionProperties) = preSolution
		HideSolutionNode = FALSE
	EndGlobalSection
	GlobalSection(ExtensibilityGlobals) = postSolution
		SolutionGuid = {0BDDBCFA-8E97-479F-8564-82F9B5205ACB}
	EndGlobalSection
EndGlobal
